
Microsoft Visual Studio Solution File, Format Version 12.00
# Visual Studio Version 17
VisualStudioVersion = 17.14.36121.58 d17.14
MinimumVisualStudioVersion = 10.0.40219.1
Project("{FAE04EC0-301F-11D3-BF4B-00C04F79EFBC}") = "projectnet", "projectnet\projectnet.csproj", "{CC9936C1-BD98-485D-85D4-47DC3EBACABC}"
EndProject
Global
	GlobalSection(SolutionConfigurationPlatforms) = preSolution
		Debug|Any CPU = Debug|Any CPU
		Release|Any CPU = Release|Any CPU
	EndGlobalSection
	GlobalSection(ProjectConfigurationPlatforms) = postSolution
		{CC9936C1-BD98-485D-85D4-47DC3EBACABC}.Debug|Any CPU.ActiveCfg = Debug|Any CPU
		{CC9936C1-BD98-485D-85D4-47DC3EBACABC}.Debug|Any CPU.Build.0 = Debug|Any CPU
		{CC9936C1-BD98-485D-85D4-47DC3EBACABC}.Release|Any CPU.ActiveCfg = Release|Any CPU
		{CC9936C1-BD98-485D-85D4-47DC3EBACABC}.Release|Any CPU.Build.0 = Release|Any CPU
	EndGlobalSection
	GlobalSection(SolutionProperties) = preSolution
		HideSolutionNode = FALSE
	EndGlobalSection
	GlobalSection(ExtensibilityGlobals) = postSolution
		SolutionGuid = {4C59F214-087A-46B6-81FB-D0BD9F4D5E2A}
	EndGlobalSection
EndGlobal
